
Microsoft Visual Studio Solution File, Format Version 12.00
# Visual Studio Version 16
VisualStudioVersion = 16.0.32602.291
MinimumVisualStudioVersion = 10.0.40219.1
Project("{8BC9CEB8-8B4A-11D0-8D11-00A0C91BC942}") = "LevelEditor2D", "LevelEditor2D\LevelEditor2D.vcxproj", "{D28BDA5F-649F-45B1-BCC7-393260077F13}"
EndProject
Global
	GlobalSection(SolutionConfigurationPlatforms) = preSolution
		Debug|x64 = Debug|x64
		Debug|x86 = Debug|x86
		Release|x64 = Release|x64
		Release|x86 = Release|x86
	EndGlobalSection
	GlobalSection(ProjectConfigurationPlatforms) = postSolution
		{D28BDA5F-649F-45B1-BCC7-393260077F13}.Debug|x64.ActiveCfg = Debug|x64
		{D28BDA5F-649F-45B1-BCC7-393260077F13}.Debug|x64.Build.0 = Debug|x64
		{D28BDA5F-649F-45B1-BCC7-393260077F13}.Debug|x86.ActiveCfg = Debug|Win32
		{D28BDA5F-649F-45B1-BCC7-393260077F13}.Debug|x86.Build.0 = Debug|Win32
		{D28BDA5F-649F-45B1-BCC7-393260077F13}.Release|x64.ActiveCfg = Release|x64
		{D28BDA5F-649F-45B1-BCC7-393260077F13}.Release|x64.Build.0 = Release|x64
		{D28BDA5F-649F-45B1-BCC7-393260077F13}.Release|x86.ActiveCfg = Release|Win32
		{D28BDA5F-649F-45B1-BCC7-393260077F13}.Release|x86.Build.0 = Release|Win32
	EndGlobalSection
	GlobalSection(SolutionProperties) = preSolution
		HideSolutionNode = FALSE
	EndGlobalSection
	GlobalSection(ExtensibilityGlobals) = postSolution
		SolutionGuid = {FBF0956B-30A7-4E3E-BE59-BC69FBE8D87E}
	EndGlobalSection
EndGlobal
